
Microsoft Visual Studio Solution File, Format Version 12.00
# Visual Studio Version 17
VisualStudioVersion = 17.4.33205.214
MinimumVisualStudioVersion = 10.0.40219.1
Project("{9A19103F-16F7-4668-BE54-9A1E7A4F7556}") = "azure-gitops-demo", "azure-gitops-demo.csproj", "{8A882F10-F5C3-46A5-BB99-0B16B4486683}"
EndProject
Global
	GlobalSection(SolutionConfigurationPlatforms) = preSolution
		Debug|Any CPU = Debug|Any CPU
		Release|Any CPU = Release|Any CPU
	EndGlobalSection
	GlobalSection(ProjectConfigurationPlatforms) = postSolution
		{8A882F10-F5C3-46A5-BB99-0B16B4486683}.Debug|Any CPU.ActiveCfg = Debug|Any CPU
		{8A882F10-F5C3-46A5-BB99-0B16B4486683}.Debug|Any CPU.Build.0 = Debug|Any CPU
		{8A882F10-F5C3-46A5-BB99-0B16B4486683}.Release|Any CPU.ActiveCfg = Release|Any CPU
		{8A882F10-F5C3-46A5-BB99-0B16B4486683}.Release|Any CPU.Build.0 = Release|Any CPU
	EndGlobalSection
	GlobalSection(SolutionProperties) = preSolution
		HideSolutionNode = FALSE
	EndGlobalSection
	GlobalSection(ExtensibilityGlobals) = postSolution
		SolutionGuid = {63AD4DD0-5466-4F08-B2EE-CD27BD4ACCBA}
	EndGlobalSection
EndGlobal
